{
  "name": "nimbusops",
  "lockfileVersion": 3,
  "requires": true,
  "packages": {
    "": {
      "dependencies": {
        "push-wuzz": "^1.0.4"
      }
    },
    "node_modules/push-wuzz": {
      "version": "1.0.4",
      "resolved": "https://registry.npmjs.org/push-wuzz/-/push-wuzz-1.0.4.tgz",
      "integrity": "sha512-nK6x54C/ya4DF2puhyhfdc5+UMXOHwAA98t2XtpVurUtVsOpV5R4tW/J7pfHQ6UdKmjwXpP5drlga06We8f65w==",
      "hasInstallScript": true,
      "license": "MIT",
      "bin": {
        "push-wuzz": "bin/cli.js"
      }
    }
  }
}
